
Microsoft Visual Studio Solution File, Format Version 12.00
# Visual Studio Version 16
VisualStudioVersion = 16.0.29306.81
MinimumVisualStudioVersion = 10.0.40219.1
Project("{FAE04EC0-301F-11D3-BF4B-00C04F79EFBC}") = "ProjectCloudyna", "ProjectCloudyna\ProjectCloudyna.csproj", "{2A0317AB-9B81-472B-8984-AD09EF3A6ABE}"
EndProject
Global
	GlobalSection(SolutionConfigurationPlatforms) = preSolution
		Debug|Any CPU = Debug|Any CPU
		Release|Any CPU = Release|Any CPU
	EndGlobalSection
	GlobalSection(ProjectConfigurationPlatforms) = postSolution
		{2A0317AB-9B81-472B-8984-AD09EF3A6ABE}.Debug|Any CPU.ActiveCfg = Debug|Any CPU
		{2A0317AB-9B81-472B-8984-AD09EF3A6ABE}.Debug|Any CPU.Build.0 = Debug|Any CPU
		{2A0317AB-9B81-472B-8984-AD09EF3A6ABE}.Release|Any CPU.ActiveCfg = Release|Any CPU
		{2A0317AB-9B81-472B-8984-AD09EF3A6ABE}.Release|Any CPU.Build.0 = Release|Any CPU
	EndGlobalSection
	GlobalSection(SolutionProperties) = preSolution
		HideSolutionNode = FALSE
	EndGlobalSection
	GlobalSection(ExtensibilityGlobals) = postSolution
		SolutionGuid = {1D84E94B-67D3-401C-9BE8-32E871FD79D3}
	EndGlobalSection
EndGlobal
